// !$*UTF8*$!
{
	archiveVersion = 1;
	classes = {
	};
	objectVersion = 48;
	objects = {

/* Begin PBXBuildFile section */
		AEFDD0B91F4EF81800D076A2 /* AppDelegate.swift in Sources */ = {isa = PBXBuildFile; fileRef = AEFDD0B81F4EF81800D076A2 /* AppDelegate.swift */; };
		AEFDD0BB1F4EF81800D076A2 /* art.scnassets in Resources */ = {isa = PBXBuildFile; fileRef = AEFDD0BA1F4EF81800D076A2 /* art.scnassets */; };
		AEFDD0BD1F4EF81800D076A2 /* ViewController.swift in Sources */ = {isa = PBXBuildFile; fileRef = AEFDD0BC1F4EF81800D076A2 /* ViewController.swift */; };
		AEFDD0C01F4EF81800D076A2 /* Main.storyboard in Resources */ = {isa = PBXBuildFile; fileRef = AEFDD0BE1F4EF81800D076A2 /* Main.storyboard */; };
		AEFDD0C21F4EF81800D076A2 /* Assets.xcassets in Resources */ = {isa = PBXBuildFile; fileRef = AEFDD0C11F4EF81800D076A2 /* Assets.xcassets */; };
		AEFDD0C51F4EF81800D076A2 /* LaunchScreen.storyboard in Resources */ = {isa = PBXBuildFile; fileRef = AEFDD0C31F4EF81800D076A2 /* LaunchScreen.storyboard */; };
/* End PBXBuildFile section */

/* Begin PBXFileReference section */
		AEFDD0B51F4EF81800D076A2 /* ARDemo.app */ = {isa = PBXFileReference; explicitFileType = wrapper.application; includeInIndex = 0; path = ARDemo.app; sourceTree = BUILT_PRODUCTS_DIR; };
		AEFDD0B81F4EF81800D076A2 /* AppDelegate.swift */ = {isa = PBXFileReference; lastKnownFileType = sourcecode.swift; path = AppDelegate.swift; sourceTree = "<group>"; };
		AEFDD0BA1F4EF81800D076A2 /* art.scnassets */ = {isa = PBXFileReference; lastKnownFileType = wrapper.scnassets; path = art.scnassets; sourceTree = "<group>"; };
		AEFDD0BC1F4EF81800D076A2 /* ViewController.swift */ = {isa = PBXFileReference; lastKnownFileType = sourcecode.swift; path = ViewController.swift; sourceTree = "<group>"; };
		AEFDD0BF1F4EF81800D076A2 /* Base */ = {isa = PBXFileReference; lastKnownFileType = file.storyboard; name = Base; path = Base.lproj/Main.storyboard; sourceTree = "<group>"; };
		AEFDD0C11F4EF81800D076A2 /* Assets.xcassets */ = {isa = PBXFileReference; lastKnownFileType = folder.assetcatalog; path = Assets.xcassets; sourceTree = "<group>"; };
		AEFDD0C41F4EF81800D076A2 /* Base */ = {isa = PBXFileReference; lastKnownFileType = file.storyboard; name = Base; path = Base.lproj/LaunchScreen.storyboard; sourceTree = "<group>"; };
		AEFDD0C61F4EF81800D076A2 /* Info.plist */ = {isa = PBXFileReference; lastKnownFileType = text.plist.xml; path = Info.plist; sourceTree = "<group>"; };
/* End PBXFileReference section */

/* Begin PBXFrameworksBuildPhase section */
		AEFDD0B21F4EF81800D076A2 /* Frameworks */ = {
			isa = PBXFrameworksBuildPhase;
			buildActionMask = 2147483647;
			files = (
			);
			runOnlyForDeploymentPostprocessing = 0;
		};
/* End PBXFrameworksBuildPhase section */

/* Begin PBXGroup section */
		AEFDD0AC1F4EF81800D076A2 = {
			isa = PBXGroup;
			children = (
				AEFDD0B71F4EF81800D076A2 /* ARDemo */,
				AEFDD0B61F4EF81800D076A2 /* Products */,
			);
			sourceTree = "<group>";
		};
		AEFDD0B61F4EF81800D076A2 /* Products */ = {
			isa = PBXGroup;
			children = (
				AEFDD0B51F4EF81800D076A2 /* ARDemo.app */,
			);
			name = Products;
			sourceTree = "<group>";
		};
		AEFDD0B71F4EF81800D076A2 /* ARDemo */ = {
			isa = PBXGroup;
			children = (
				AEFDD0B81F4EF81800D076A2 /* AppDelegate.swift */,
				AEFDD0BA1F4EF81800D076A2 /* art.scnassets */,
				AEFDD0BC1F4EF81800D076A2 /* ViewController.swift */,
				AEFDD0BE1F4EF81800D076A2 /* Main.storyboard */,
				AEFDD0C11F4EF81800D076A2 /* Assets.xcassets */,
				AEFDD0C31F4EF81800D076A2 /* LaunchScreen.storyboard */,
				AEFDD0C61F4EF81800D076A2 /* Info.plist */,
			);
			path = ARDemo;
			sourceTree = "<group>";
		};
/* End PBXGroup section */

/* Begin PBXNativeTarget section */
		AEFDD0B41F4EF81800D076A2 /* ARDemo */ = {
			isa = PBXNativeTarget;
			buildConfigurationList = AEFDD0C91F4EF81800D076A2 /* Build configuration list for PBXNativeTarget "ARDemo" */;
			buildPhases = (
				AEFDD0B11F4EF81800D076A2 /* Sources */,
				AEFDD0B21F4EF81800D076A2 /* Frameworks */,
				AEFDD0B31F4EF81800D076A2 /* Resources */,
			);
			buildRules = (
			);
			dependencies = (
			);
			name = ARDemo;
			productName = ARDemo;
			productReference = AEFDD0B51F4EF81800D076A2 /* ARDemo.app */;
			productType = "com.apple.product-type.application";
		};
/* End PBXNativeTarget section */

/* Begin PBXProject section */
		AEFDD0AD1F4EF81800D076A2 /* Project object */ = {
			isa = PBXProject;
			attributes = {
				LastSwiftUpdateCheck = 0900;
				LastUpgradeCheck = 0900;
				ORGANIZATIONNAME = kingcyk;
				TargetAttributes = {
					AEFDD0B41F4EF81800D076A2 = {
						CreatedOnToolsVersion = 9.0;
						ProvisioningStyle = Automatic;
					};
				};
			};
			buildConfigurationList = AEFDD0B01F4EF81800D076A2 /* Build configuration list for PBXProject "ARDemo" */;
			compatibilityVersion = "Xcode 8.0";
			developmentRegion = en;
			hasScannedForEncodings = 0;
			knownRegions = (
				en,
				Base,
			);
			mainGroup = AEFDD0AC1F4EF81800D076A2;
			productRefGroup = AEFDD0B61F4EF81800D076A2 /* Products */;
			projectDirPath = "";
			projectRoot = "";
			targets = (
				AEFDD0B41F4EF81800D076A2 /* ARDemo */,
			);
		};
/* End PBXProject section */

/* Begin PBXResourcesBuildPhase section */
		AEFDD0B31F4EF81800D076A2 /* Resources */ = {
			isa = PBXResourcesBuildPhase;
			buildActionMask = 2147483647;
			files = (
				AEFDD0BB1F4EF81800D076A2 /* art.scnassets in Resources */,
				AEFDD0C51F4EF81800D076A2 /* LaunchScreen.storyboard in Resources */,
				AEFDD0C21F4EF81800D076A2 /* Assets.xcassets in Resources */,
				AEFDD0C01F4EF81800D076A2 /* Main.storyboard in Resources */,
			);
			runOnlyForDeploymentPostprocessing = 0;
		};
/* End PBXResourcesBuildPhase section */

/* Begin PBXSourcesBuildPhase section */
		AEFDD0B11F4EF81800D076A2 /* Sources */ = {
			isa = PBXSourcesBuildPhase;
			buildActionMask = 2147483647;
			files = (
				AEFDD0BD1F4EF81800D076A2 /* ViewController.swift in Sources */,
				AEFDD0B91F4EF81800D076A2 /* AppDelegate.swift in Sources */,
			);
			runOnlyForDeploymentPostprocessing = 0;
		};
/* End PBXSourcesBuildPhase section */

/* Begin PBXVariantGroup section */
		AEFDD0BE1F4EF81800D076A2 /* Main.storyboard */ = {
			isa = PBXVariantGroup;
			children = (
				AEFDD0BF1F4EF81800D076A2 /* Base */,
			);
			name = Main.storyboard;
			sourceTree = "<group>";
		};
		AEFDD0C31F4EF81800D076A2 /* LaunchScreen.storyboard */ = {
			isa = PBXVariantGroup;
			children = (
				AEFDD0C41F4EF81800D076A2 /* Base */,
			);
			name = LaunchScreen.storyboard;
			sourceTree = "<group>";
		};
/* End PBXVariantGroup section */

/* Begin XCBuildConfiguration section */
		AEFDD0C71F4EF81800D076A2 /* Debug */ = {
			isa = XCBuildConfiguration;
			buildSettings = {
				ALWAYS_SEARCH_USER_PATHS = NO;
				CLANG_ANALYZER_NONNULL = YES;
				CLANG_ANALYZER_NUMBER_OBJECT_CONVERSION = YES_AGGRESSIVE;
				CLANG_CXX_LANGUAGE_STANDARD = "gnu++14";
				CLANG_CXX_LIBRARY = "libc++";
				CLANG_ENABLE_MODULES = YES;
				CLANG_ENABLE_OBJC_ARC = YES;
				CLANG_WARN_BLOCK_CAPTURE_AUTORELEASING = YES;
				CLANG_WARN_BOOL_CONVERSION = YES;
				CLANG_WARN_COMMA = YES;
				CLANG_WARN_CONSTANT_CONVERSION = YES;
				CLANG_WARN_DIRECT_OBJC_ISA_USAGE = YES_ERROR;
				CLANG_WARN_DOCUMENTATION_COMMENTS = YES;
				CLANG_WARN_EMPTY_BODY = YES;
				CLANG_WARN_ENUM_CONVERSION = YES;
				CLANG_WARN_INFINITE_RECURSION = YES;
				CLANG_WARN_INT_CONVERSION = YES;
				CLANG_WARN_NON_LITERAL_NULL_CONVERSION = YES;
				CLANG_WARN_OBJC_LITERAL_CONVERSION = YES;
				CLANG_WARN_OBJC_ROOT_CLASS = YES_ERROR;
				CLANG_WARN_RANGE_LOOP_ANALYSIS = YES;
				CLANG_WARN_STRICT_PROTOTYPES = YES;
				CLANG_WARN_SUSPICIOUS_MOVE = YES;
				CLANG_WARN_UNGUARDED_AVAILABILITY = YES_AGGRESSIVE;
				CLANG_WARN_UNREACHABLE_CODE = YES;
				CLANG_WARN__DUPLICATE_METHOD_MATCH = YES;
				CODE_SIGN_IDENTITY = "iPhone Developer";
				COPY_PHASE_STRIP = NO;
				DEBUG_INFORMATION_FORMAT = dwarf;
				ENABLE_STRICT_OBJC_MSGSEND = YES;
				ENABLE_TESTABILITY = YES;
				GCC_C_LANGUAGE_STANDARD = gnu11;
				GCC_DYNAMIC_NO_PIC = NO;
				GCC_NO_COMMON_BLOCKS = YES;
				GCC_OPTIMIZATION_LEVEL = 0;
				GCC_PREPROCESSOR_DEFINITIONS = (
					"DEBUG=1",
					"$(inherited)",
				);
				GCC_WARN_64_TO_32_BIT_CONVERSION = YES;
				GCC_WARN_ABOUT_RETURN_TYPE = YES_ERROR;
				GCC_WARN_UNDECLARED_SELECTOR = YES;
				GCC_WARN_UNINITIALIZED_AUTOS = YES_AGGRESSIVE;
				GCC_WARN_UNUSED_FUNCTION = YES;
				GCC_WARN_UNUSED_VARIABLE = YES;
				IPHONEOS_DEPLOYMENT_TARGET = 11.0;
				MTL_ENABLE_DEBUG_INFO = YES;
				ONLY_ACTIVE_ARCH = YES;
				SDKROOT = iphoneos;
				SWIFT_ACTIVE_COMPILATION_CONDITIONS = DEBUG;
				SWIFT_OPTIMIZATION_LEVEL = "-Onone";
			};
			name = Debug;
		};
		AEFDD0C81F4EF81800D076A2 /* Release */ = {
			isa = XCBuildConfiguration;
			buildSettings = {
				ALWAYS_SEARCH_USER_PATHS = NO;
				CLANG_ANALYZER_NONNULL = YES;
				CLANG_ANALYZER_NUMBER_OBJECT_CONVERSION = YES_AGGRESSIVE;
				CLANG_CXX_LANGUAGE_STANDARD = "gnu++14";
				CLANG_CXX_LIBRARY = "libc++";
				CLANG_ENABLE_MODULES = YES;
				CLANG_ENABLE_OBJC_ARC = YES;
				CLANG_WARN_BLOCK_CAPTURE_AUTORELEASING = YES;
				CLANG_WARN_BOOL_CONVERSION = YES;
				CLANG_WARN_COMMA = YES;
				CLANG_WARN_CONSTANT_CONVERSION = YES;
				CLANG_WARN_DIRECT_OBJC_ISA_USAGE = YES_ERROR;
				CLANG_WARN_DOCUMENTATION_COMMENTS = YES;
				CLANG_WARN_EMPTY_BODY = YES;
				CLANG_WARN_ENUM_CONVERSION = YES;
				CLANG_WARN_INFINITE_RECURSION = YES;
				CLANG_WARN_INT_CONVERSION = YES;
				CLANG_WARN_NON_LITERAL_NULL_CONVERSION = YES;
				CLANG_WARN_OBJC_LITERAL_CONVERSION = YES;
				CLANG_WARN_OBJC_ROOT_CLASS = YES_ERROR;
				CLANG_WARN_RANGE_LOOP_ANALYSIS = YES;
				CLANG_WARN_STRICT_PROTOTYPES = YES;
				CLANG_WARN_SUSPICIOUS_MOVE = YES;
				CLANG_WARN_UNGUARDED_AVAILABILITY = YES_AGGRESSIVE;
				CLANG_WARN_UNREACHABLE_CODE = YES;
				CLANG_WARN__DUPLICATE_METHOD_MATCH = YES;
				CODE_SIGN_IDENTITY = "iPhone Developer";
				COPY_PHASE_STRIP = NO;
				DEBUG_INFORMATION_FORMAT = "dwarf-with-dsym";
				ENABLE_NS_ASSERTIONS = NO;
				ENABLE_STRICT_OBJC_MSGSEND = YES;
				GCC_C_LANGUAGE_STANDARD = gnu11;
				GCC_NO_COMMON_BLOCKS = YES;
				GCC_WARN_64_TO_32_BIT_CONVERSION = YES;
				GCC_WARN_ABOUT_RETURN_TYPE = YES_ERROR;
				GCC_WARN_UNDECLARED_SELECTOR = YES;
				GCC_WARN_UNINITIALIZED_AUTOS = YES_AGGRESSIVE;
				GCC_WARN_UNUSED_FUNCTION = YES;
				GCC_WARN_UNUSED_VARIABLE = YES;
				IPHONEOS_DEPLOYMENT_TARGET = 11.0;
				MTL_ENABLE_DEBUG_INFO = NO;
				SDKROOT = iphoneos;
				SWIFT_OPTIMIZATION_LEVEL = "-Owholemodule";
				VALIDATE_PRODUCT = YES;
			};
			name = Release;
		};
		AEFDD0CA1F4EF81800D076A2 /* Debug */ = {
			isa = XCBuildConfiguration;
			buildSettings = {
				ASSETCATALOG_COMPILER_APPICON_NAME = AppIcon;
				CODE_SIGN_STYLE = Automatic;
				INFOPLIST_FILE = ARDemo/Info.plist;
				LD_RUNPATH_SEARCH_PATHS = "$(inherited) @executable_path/Frameworks";
				PRODUCT_BUNDLE_IDENTIFIER = com.kingcyk.ARDemo;
				PRODUCT_NAME = "$(TARGET_NAME)";
				SWIFT_VERSION = 4.0;
				TARGETED_DEVICE_FAMILY = "1,2";
			};
			name = Debug;
		};
		AEFDD0CB1F4EF81800D076A2 /* Release */ = {
			isa = XCBuildConfiguration;
			buildSettings = {
				ASSETCATALOG_COMPILER_APPICON_NAME = AppIcon;
				CODE_SIGN_STYLE = Automatic;
				INFOPLIST_FILE = ARDemo/Info.plist;
				LD_RUNPATH_SEARCH_PATHS = "$(inherited) @executable_path/Frameworks";
				PRODUCT_BUNDLE_IDENTIFIER = com.kingcyk.ARDemo;
				PRODUCT_NAME = "$(TARGET_NAME)";
				SWIFT_VERSION = 4.0;
				TARGETED_DEVICE_FAMILY = "1,2";
			};
			name = Release;
		};
/* End XCBuildConfiguration section */

/* Begin XCConfigurationList section */
		AEFDD0B01F4EF81800D076A2 /* Build configuration list for PBXProject "ARDemo" */ = {
			isa = XCConfigurationList;
			buildConfigurations = (
				AEFDD0C71F4EF81800D076A2 /* Debug */,
				AEFDD0C81F4EF81800D076A2 /* Release */,
			);
			defaultConfigurationIsVisible = 0;
			defaultConfigurationName = Release;
		};
		AEFDD0C91F4EF81800D076A2 /* Build configuration list for PBXNativeTarget "ARDemo" */ = {
			isa = XCConfigurationList;
			buildConfigurations = (
				AEFDD0CA1F4EF81800D076A2 /* Debug */,
				AEFDD0CB1F4EF81800D076A2 /* Release */,
			);
			defaultConfigurationIsVisible = 0;
			defaultConfigurationName = Release;
		};
/* End XCConfigurationList section */
	};
	rootObject = AEFDD0AD1F4EF81800D076A2 /* Project object */;
}
